// !$*UTF8*$!
{
	archiveVersion = 1;
	classes = {
	};
	objectVersion = 46;
	objects = {
/* Begin PBXBuildFile section */
		01B7771AA2D04636B0803A38 /* GCDWebServerConnection.m in Sources */ = {isa = PBXBuildFile; fileRef = 1829625C529C4CB7B5A684F6 /* GCDWebServerConnection.m */; };
		0207DA581B56EA530066E2B4 /* Images.xcassets in Resources */ = {isa = PBXBuildFile; fileRef = 0207DA571B56EA530066E2B4 /* Images.xcassets */; };
		0D5380F9962646CAA6CC7EA1 /* GCDWebServerFileResponse.m in Sources */ = {isa = PBXBuildFile; fileRef = C0C32DE2CEF844A09B711B55 /* GCDWebServerFileResponse.m */; };
		1D3623260D0F684500981E51 /* AppDelegate.m in Sources */ = {isa = PBXBuildFile; fileRef = 1D3623250D0F684500981E51 /* AppDelegate.m */; };
		1D60589B0D05DD56006BFB54 /* main.m in Sources */ = {isa = PBXBuildFile; fileRef = 29B97316FDCFA39411CA2CEA /* main.m */; };
		254F063E510B49A1A41AA428 /* GCDWebServerStreamedResponse.m in Sources */ = {isa = PBXBuildFile; fileRef = 3E2F4B35E6114906B248A739 /* GCDWebServerStreamedResponse.m */; };
		301BF552109A68D80062928A /* libCordova.a in Frameworks */ = {isa = PBXBuildFile; fileRef = 301BF535109A57CC0062928A /* libCordova.a */; };
		302D95F114D2391D003F00A1 /* MainViewController.m in Sources */ = {isa = PBXBuildFile; fileRef = 302D95EF14D2391D003F00A1 /* MainViewController.m */; };
		302D95F214D2391D003F00A1 /* MainViewController.xib in Resources */ = {isa = PBXBuildFile; fileRef = 302D95F014D2391D003F00A1 /* MainViewController.xib */; };
		3A854CFE3DAE4ACA9882BA0B /* GCDWebServerErrorResponse.m in Sources */ = {isa = PBXBuildFile; fileRef = 517341C35F3F4AF4B774D035 /* GCDWebServerErrorResponse.m */; };
		41C05DCBE40B406B887E0DC5 /* GCDWebServerDataResponse.m in Sources */ = {isa = PBXBuildFile; fileRef = 275E00CCE9F94BD4A0270BD8 /* GCDWebServerDataResponse.m */; };
		468E850A64C94CFD9D343FCF /* GCDWebServerRequest.m in Sources */ = {isa = PBXBuildFile; fileRef = 9994DA45F18046F7BA55C718 /* GCDWebServerRequest.m */; };
		5BA550C60DBF4A3E9DF1D0B2 /* libz.tbd in Frameworks */ = {isa = PBXBuildFile; fileRef = D193461482E24787A25663C2 /* libz.tbd */; };
		5D669497C0F047328EC8EAA9 /* CDVDevice.m in Sources */ = {isa = PBXBuildFile; fileRef = A6E936FDF361406F9EF46ECF /* CDVDevice.m */; };
		5FEBAB1A2E4344169DFE606C /* GCDWebServerDataRequest.m in Sources */ = {isa = PBXBuildFile; fileRef = 76F8EAAA68DA48B1949D9464 /* GCDWebServerDataRequest.m */; };
		61227E46158642C19B07185C /* GCDWebServerMultiPartFormRequest.m in Sources */ = {isa = PBXBuildFile; fileRef = 8E558D8C05CD4AA2B3AAD91D /* GCDWebServerMultiPartFormRequest.m */; };
		63C100EA05E046DC98FF9C4C /* sqlite3.c in Sources */ = {isa = PBXBuildFile; fileRef = 81D3A45606B744D7A56E01CB /* sqlite3.c */; settings = {COMPILER_FLAGS = "-w -DSQLITE_THREADSAFE=1 -DSQLITE_DEFAULT_SYNCHRONOUS=3 -DSQLITE_DEFAULT_MEMSTATUS=0 -DSQLITE_OMIT_DECLTYPE -DSQLITE_OMIT_DEPRECATED -DSQLITE_OMIT_PROGRESS_CALLBACK -DSQLITE_OMIT_SHARED_CACHE -DSQLITE_TEMP_STORE=2 -DSQLITE_OMIT_LOAD_EXTENSION -DSQLITE_ENABLE_FTS3 -DSQLITE_ENABLE_FTS3_PARENTHESIS -DSQLITE_ENABLE_FTS4 -DSQLITE_ENABLE_RTREE -DSQLITE_DEFAULT_PAGE_SIZE=1024 -DSQLITE_DEFAULT_CACHE_SIZE=2000"; }; };
		68D2E1F2B25B4895B0F12BC6 /* SQLitePlugin.m in Sources */ = {isa = PBXBuildFile; fileRef = BF22DBF3A5A24C17B272F3BF /* SQLitePlugin.m */; };
		692EF7A1067F4597A8114981 /* CDVIonicKeyboard.m in Sources */ = {isa = PBXBuildFile; fileRef = 1E4CAB00785C4D53B38049AD /* CDVIonicKeyboard.m */; };
		6AFF5BF91D6E424B00AB3073 /* CDVLaunchScreen.storyboard in Resources */ = {isa = PBXBuildFile; fileRef = 6AFF5BF81D6E424B00AB3073 /* CDVLaunchScreen.storyboard */; };
		89D1B309C67C4FE6B106D1AD /* GCDWebServerFileRequest.m in Sources */ = {isa = PBXBuildFile; fileRef = 290C64121446471888D412B5 /* GCDWebServerFileRequest.m */; };
		980E773A1C904F028FBF751D /* CDVWKWebViewEngine.m in Sources */ = {isa = PBXBuildFile; fileRef = BDBEF650BD414D06A03606F9 /* CDVWKWebViewEngine.m */; };
		A71E0770A55F48C498D0AC02 /* GCDWebServerURLEncodedFormRequest.m in Sources */ = {isa = PBXBuildFile; fileRef = 6BDAC445EB1C459991B0C219 /* GCDWebServerURLEncodedFormRequest.m */; };
		A8636FA8CC564BD79BD96184 /* GCDWebServerFunctions.m in Sources */ = {isa = PBXBuildFile; fileRef = ADBE9A8A035F484CA50CAF9B /* GCDWebServerFunctions.m */; };
		AC9AFC177A30466CBBB94DDB /* CDVWKProcessPoolFactory.m in Sources */ = {isa = PBXBuildFile; fileRef = 6295134501D1465C8BD9ABD2 /* CDVWKProcessPoolFactory.m */; };
		B42EC31E2A1C48A1A8545835 /* CDVWKWebViewUIDelegate.m in Sources */ = {isa = PBXBuildFile; fileRef = 5BFAA8B8709C40299C1D7747 /* CDVWKWebViewUIDelegate.m */; };
		D0C63900D7544ACFA7AE5661 /* WebKit.framework in Frameworks */ = {isa = PBXBuildFile; fileRef = 87341BD48B8C4362BA6CC7D9 /* WebKit.framework */; settings = {ATTRIBUTES = (Weak, ); }; };
		D17DBE4E80BF4DC09E088FB2 /* CDVViewController+SplashScreen.m in Sources */ = {isa = PBXBuildFile; fileRef = 50A3C7A79F9248D4A5745D27 /* CDVViewController+SplashScreen.m */; };
		D5B8A3E3CC8744A7B3F12D81 /* CDVSplashScreen.m in Sources */ = {isa = PBXBuildFile; fileRef = BE560455CC4F4608B11821E6 /* CDVSplashScreen.m */; };
		DADCB851C0D040B5B87CB300 /* GCDWebServer.m in Sources */ = {isa = PBXBuildFile; fileRef = 3D21AA800CD543A6BF36C99A /* GCDWebServer.m */; };
		DB2EDF0FB8C4412EB64A9BAB /* PSPDFThreadSafeMutableDictionary.m in Sources */ = {isa = PBXBuildFile; fileRef = EA4B0E785D61425DAD48F7AF /* PSPDFThreadSafeMutableDictionary.m */; settings = {COMPILER_FLAGS = "-w"; }; };
		E6D954347F9F47EC95C4FC68 /* CDVClipboard.m in Sources */ = {isa = PBXBuildFile; fileRef = 5B616BEC90724E0A98613F3D /* CDVClipboard.m */; };
		F080D0156DA540F5ABD02FAB /* GCDWebServerResponse.m in Sources */ = {isa = PBXBuildFile; fileRef = 58D429E9995242B38A92D5FE /* GCDWebServerResponse.m */; };
		F0D572F5AA4444C98D8D4675 /* NSString+SSURLEncoding.m in Sources */ = {isa = PBXBuildFile; fileRef = B4A6EA62E0984EBD99E34396 /* NSString+SSURLEncoding.m */; };
		867628E6FAF145089466E482 /* SocialSharing.m in Sources */ = {isa = PBXBuildFile; fileRef = A1D5975849B84D3B8D072CCB /* SocialSharing.m */; };
		3D7DD46425534DCDA8C26EB6 /* Social.framework in Frameworks */ = {isa = PBXBuildFile; fileRef = 103705C968604AEC85B84684 /* Social.framework */; settings = {ATTRIBUTES = (Weak, ); }; };
		9B7DD27ABF5140FC8C71D73F /* MessageUI.framework in Frameworks */ = {isa = PBXBuildFile; fileRef = 3BE865A0111649E49169E28F /* MessageUI.framework */; settings = {ATTRIBUTES = (Weak, ); }; };
/* End PBXBuildFile section */

/* Begin PBXContainerItemProxy section */
		122D67ED20DCF53F00C99AF3 /* PBXContainerItemProxy */ = {
			isa = PBXContainerItemProxy;
			containerPortal = 301BF52D109A57CC0062928A /* CordovaLib/CordovaLib.xcodeproj */;
			proxyType = 2;
			remoteGlobalIDString = C0C01EB21E3911D50056E6CB;
			remoteInfo = Cordova;
		};
		301BF534109A57CC0062928A /* PBXContainerItemProxy */ = {
			isa = PBXContainerItemProxy;
			containerPortal = 301BF52D109A57CC0062928A /* CordovaLib/CordovaLib.xcodeproj */;
			proxyType = 2;
			remoteGlobalIDString = D2AAC07E0554694100DB518D;
			remoteInfo = CordovaLib;
		};
		301BF550109A68C00062928A /* PBXContainerItemProxy */ = {
			isa = PBXContainerItemProxy;
			containerPortal = 301BF52D109A57CC0062928A /* CordovaLib/CordovaLib.xcodeproj */;
			proxyType = 1;
			remoteGlobalIDString = D2AAC07D0554694100DB518D;
			remoteInfo = CordovaLib;
		};
/* End PBXContainerItemProxy section */

/* Begin PBXFileReference section */
		0207DA571B56EA530066E2B4 /* Images.xcassets */ = {isa = PBXFileReference; lastKnownFileType = folder.assetcatalog; name = Images.xcassets; path = Panda/Images.xcassets; sourceTree = SOURCE_ROOT; };
		1829625C529C4CB7B5A684F6 /* GCDWebServerConnection.m */ = {isa = PBXFileReference; explicitFileType = undefined; fileEncoding = 4; includeInIndex = 0; lastKnownFileType = sourcecode.c.objc; name = GCDWebServerConnection.m; path = "cordova-plugin-ionic-webview/GCDWebServerConnection.m"; sourceTree = "<group>"; };
		1CC688F0D8724D29BC3000E5 /* GCDWebServerHTTPStatusCodes.h */ = {isa = PBXFileReference; explicitFileType = undefined; fileEncoding = 4; includeInIndex = 0; lastKnownFileType = sourcecode.c.h; name = GCDWebServerHTTPStatusCodes.h; path = "cordova-plugin-ionic-webview/GCDWebServerHTTPStatusCodes.h"; sourceTree = "<group>"; };
		1D3623240D0F684500981E51 /* AppDelegate.h */ = {isa = PBXFileReference; fileEncoding = 4; lastKnownFileType = sourcecode.c.h; path = AppDelegate.h; sourceTree = "<group>"; };
		1D3623250D0F684500981E51 /* AppDelegate.m */ = {isa = PBXFileReference; fileEncoding = 4; lastKnownFileType = sourcecode.c.objc; path = AppDelegate.m; sourceTree = "<group>"; };
		1D6058910D05DD3D006BFB54 /* Panda.app */ = {isa = PBXFileReference; explicitFileType = wrapper.application; includeInIndex = 0; path = Panda.app; sourceTree = BUILT_PRODUCTS_DIR; };
		1E4CAB00785C4D53B38049AD /* CDVIonicKeyboard.m */ = {isa = PBXFileReference; explicitFileType = undefined; fileEncoding = 4; includeInIndex = 0; lastKnownFileType = sourcecode.c.objc; name = CDVIonicKeyboard.m; path = "cordova-plugin-ionic-keyboard/CDVIonicKeyboard.m"; sourceTree = "<group>"; };
		1ED8FDA3A2FF451E8442B77B /* GCDWebServerFileRequest.h */ = {isa = PBXFileReference; explicitFileType = undefined; fileEncoding = 4; includeInIndex = 0; lastKnownFileType = sourcecode.c.h; name = GCDWebServerFileRequest.h; path = "cordova-plugin-ionic-webview/GCDWebServerFileRequest.h"; sourceTree = "<group>"; };
		252B99641154497FB3C3E8E4 /* CDVWKWebViewUIDelegate.h */ = {isa = PBXFileReference; explicitFileType = undefined; fileEncoding = 4; includeInIndex = 0; lastKnownFileType = sourcecode.c.h; name = CDVWKWebViewUIDelegate.h; path = "cordova-plugin-ionic-webview/CDVWKWebViewUIDelegate.h"; sourceTree = "<group>"; };
		275E00CCE9F94BD4A0270BD8 /* GCDWebServerDataResponse.m */ = {isa = PBXFileReference; explicitFileType = undefined; fileEncoding = 4; includeInIndex = 0; lastKnownFileType = sourcecode.c.objc; name = GCDWebServerDataResponse.m; path = "cordova-plugin-ionic-webview/GCDWebServerDataResponse.m"; sourceTree = "<group>"; };
		290C64121446471888D412B5 /* GCDWebServerFileRequest.m */ = {isa = PBXFileReference; explicitFileType = undefined; fileEncoding = 4; includeInIndex = 0; lastKnownFileType = sourcecode.c.objc; name = GCDWebServerFileRequest.m; path = "cordova-plugin-ionic-webview/GCDWebServerFileRequest.m"; sourceTree = "<group>"; };
		29B97316FDCFA39411CA2CEA /* main.m */ = {isa = PBXFileReference; fileEncoding = 4; lastKnownFileType = sourcecode.c.objc; path = main.m; sourceTree = "<group>"; };
		301BF52D109A57CC0062928A /* CordovaLib/CordovaLib.xcodeproj */ = {isa = PBXFileReference; lastKnownFileType = "wrapper.pb-project"; path = CordovaLib/CordovaLib.xcodeproj; sourceTree = "<group>"; };
		301BF56E109A69640062928A /* www */ = {isa = PBXFileReference; lastKnownFileType = folder; path = www; sourceTree = SOURCE_ROOT; };
		302D95EE14D2391D003F00A1 /* MainViewController.h */ = {isa = PBXFileReference; fileEncoding = 4; lastKnownFileType = sourcecode.c.h; path = MainViewController.h; sourceTree = "<group>"; };
		302D95EF14D2391D003F00A1 /* MainViewController.m */ = {isa = PBXFileReference; fileEncoding = 4; lastKnownFileType = sourcecode.c.objc; path = MainViewController.m; sourceTree = "<group>"; };
		302D95F014D2391D003F00A1 /* MainViewController.xib */ = {isa = PBXFileReference; fileEncoding = 4; lastKnownFileType = file.xib; path = MainViewController.xib; sourceTree = "<group>"; };
		3047A50F1AB8059700498E2A /* build-debug.xcconfig */ = {isa = PBXFileReference; fileEncoding = 4; lastKnownFileType = text.xcconfig; name = "build-debug.xcconfig"; path = "cordova/build-debug.xcconfig"; sourceTree = SOURCE_ROOT; };
		3047A5101AB8059700498E2A /* build-release.xcconfig */ = {isa = PBXFileReference; fileEncoding = 4; lastKnownFileType = text.xcconfig; name = "build-release.xcconfig"; path = "cordova/build-release.xcconfig"; sourceTree = SOURCE_ROOT; };
		3047A5111AB8059700498E2A /* build.xcconfig */ = {isa = PBXFileReference; fileEncoding = 4; lastKnownFileType = text.xcconfig; name = build.xcconfig; path = cordova/build.xcconfig; sourceTree = SOURCE_ROOT; };
		32CA4F630368D1EE00C91783 /* Panda-Prefix.pch */ = {isa = PBXFileReference; fileEncoding = 4; lastKnownFileType = sourcecode.c.h; path = "Panda-Prefix.pch"; sourceTree = "<group>"; };
		3485A94F883741AFABFD2ED7 /* GCDWebServerFunctions.h */ = {isa = PBXFileReference; explicitFileType = undefined; fileEncoding = 4; includeInIndex = 0; lastKnownFileType = sourcecode.c.h; name = GCDWebServerFunctions.h; path = "cordova-plugin-ionic-webview/GCDWebServerFunctions.h"; sourceTree = "<group>"; };
		3A2F618D1264431F804BF7E4 /* GCDWebServerURLEncodedFormRequest.h */ = {isa = PBXFileReference; explicitFileType = undefined; fileEncoding = 4; includeInIndex = 0; lastKnownFileType = sourcecode.c.h; name = GCDWebServerURLEncodedFormRequest.h; path = "cordova-plugin-ionic-webview/GCDWebServerURLEncodedFormRequest.h"; sourceTree = "<group>"; };
		3C646169DC5441378545BF76 /* CDVWKProcessPoolFactory.h */ = {isa = PBXFileReference; explicitFileType = undefined; fileEncoding = 4; includeInIndex = 0; lastKnownFileType = sourcecode.c.h; name = CDVWKProcessPoolFactory.h; path = "cordova-plugin-ionic-webview/CDVWKProcessPoolFactory.h"; sourceTree = "<group>"; };
		3D21AA800CD543A6BF36C99A /* GCDWebServer.m */ = {isa = PBXFileReference; explicitFileType = undefined; fileEncoding = 4; includeInIndex = 0; lastKnownFileType = sourcecode.c.objc; name = GCDWebServer.m; path = "cordova-plugin-ionic-webview/GCDWebServer.m"; sourceTree = "<group>"; };
		3E2F4B35E6114906B248A739 /* GCDWebServerStreamedResponse.m */ = {isa = PBXFileReference; explicitFileType = undefined; fileEncoding = 4; includeInIndex = 0; lastKnownFileType = sourcecode.c.objc; name = GCDWebServerStreamedResponse.m; path = "cordova-plugin-ionic-webview/GCDWebServerStreamedResponse.m"; sourceTree = "<group>"; };
		3EB7139CC8164B99AF5DDD77 /* GCDWebServerFileResponse.h */ = {isa = PBXFileReference; explicitFileType = undefined; fileEncoding = 4; includeInIndex = 0; lastKnownFileType = sourcecode.c.h; name = GCDWebServerFileResponse.h; path = "cordova-plugin-ionic-webview/GCDWebServerFileResponse.h"; sourceTree = "<group>"; };
		48B9934FB5D641DBBC3D4408 /* sqlite3.h */ = {isa = PBXFileReference; explicitFileType = undefined; fileEncoding = 4; includeInIndex = 0; lastKnownFileType = sourcecode.c.h; name = sqlite3.h; path = "cordova-sqlite-storage/sqlite3.h"; sourceTree = "<group>"; };
		50A3C7A79F9248D4A5745D27 /* CDVViewController+SplashScreen.m */ = {isa = PBXFileReference; explicitFileType = undefined; fileEncoding = 4; includeInIndex = 0; lastKnownFileType = sourcecode.c.objc; name = "CDVViewController+SplashScreen.m"; path = "cordova-plugin-splashscreen/CDVViewController+SplashScreen.m"; sourceTree = "<group>"; };
		517341C35F3F4AF4B774D035 /* GCDWebServerErrorResponse.m */ = {isa = PBXFileReference; explicitFileType = undefined; fileEncoding = 4; includeInIndex = 0; lastKnownFileType = sourcecode.c.objc; name = GCDWebServerErrorResponse.m; path = "cordova-plugin-ionic-webview/GCDWebServerErrorResponse.m"; sourceTree = "<group>"; };
		58D429E9995242B38A92D5FE /* GCDWebServerResponse.m */ = {isa = PBXFileReference; explicitFileType = undefined; fileEncoding = 4; includeInIndex = 0; lastKnownFileType = sourcecode.c.objc; name = GCDWebServerResponse.m; path = "cordova-plugin-ionic-webview/GCDWebServerResponse.m"; sourceTree = "<group>"; };
		595BE3F2B9B24E5E8F762D2C /* GCDWebServerStreamedResponse.h */ = {isa = PBXFileReference; explicitFileType = undefined; fileEncoding = 4; includeInIndex = 0; lastKnownFileType = sourcecode.c.h; name = GCDWebServerStreamedResponse.h; path = "cordova-plugin-ionic-webview/GCDWebServerStreamedResponse.h"; sourceTree = "<group>"; };
		5B616BEC90724E0A98613F3D /* CDVClipboard.m */ = {isa = PBXFileReference; explicitFileType = undefined; fileEncoding = 4; includeInIndex = 0; lastKnownFileType = sourcecode.c.objc; name = CDVClipboard.m; path = "cordova-clipboard/CDVClipboard.m"; sourceTree = "<group>"; };
		5BFAA8B8709C40299C1D7747 /* CDVWKWebViewUIDelegate.m */ = {isa = PBXFileReference; explicitFileType = undefined; fileEncoding = 4; includeInIndex = 0; lastKnownFileType = sourcecode.c.objc; name = CDVWKWebViewUIDelegate.m; path = "cordova-plugin-ionic-webview/CDVWKWebViewUIDelegate.m"; sourceTree = "<group>"; };
		6295134501D1465C8BD9ABD2 /* CDVWKProcessPoolFactory.m */ = {isa = PBXFileReference; explicitFileType = undefined; fileEncoding = 4; includeInIndex = 0; lastKnownFileType = sourcecode.c.objc; name = CDVWKProcessPoolFactory.m; path = "cordova-plugin-ionic-webview/CDVWKProcessPoolFactory.m"; sourceTree = "<group>"; };
		6AFF5BF81D6E424B00AB3073 /* CDVLaunchScreen.storyboard */ = {isa = PBXFileReference; fileEncoding = 4; lastKnownFileType = file.storyboard; name = CDVLaunchScreen.storyboard; path = Panda/CDVLaunchScreen.storyboard; sourceTree = SOURCE_ROOT; };
		6BDAC445EB1C459991B0C219 /* GCDWebServerURLEncodedFormRequest.m */ = {isa = PBXFileReference; explicitFileType = undefined; fileEncoding = 4; includeInIndex = 0; lastKnownFileType = sourcecode.c.objc; name = GCDWebServerURLEncodedFormRequest.m; path = "cordova-plugin-ionic-webview/GCDWebServerURLEncodedFormRequest.m"; sourceTree = "<group>"; };
		6C83C8A1FE7B4FC8935605D4 /* GCDWebServer.h */ = {isa = PBXFileReference; explicitFileType = undefined; fileEncoding = 4; includeInIndex = 0; lastKnownFileType = sourcecode.c.h; name = GCDWebServer.h; path = "cordova-plugin-ionic-webview/GCDWebServer.h"; sourceTree = "<group>"; };
		76F8EAAA68DA48B1949D9464 /* GCDWebServerDataRequest.m */ = {isa = PBXFileReference; explicitFileType = undefined; fileEncoding = 4; includeInIndex = 0; lastKnownFileType = sourcecode.c.objc; name = GCDWebServerDataRequest.m; path = "cordova-plugin-ionic-webview/GCDWebServerDataRequest.m"; sourceTree = "<group>"; };
		7C0E00E96A4B43B18BF9953D /* CDVViewController+SplashScreen.h */ = {isa = PBXFileReference; explicitFileType = undefined; fileEncoding = 4; includeInIndex = 0; lastKnownFileType = sourcecode.c.h; name = "CDVViewController+SplashScreen.h"; path = "cordova-plugin-splashscreen/CDVViewController+SplashScreen.h"; sourceTree = "<group>"; };
		7CC1369B095748EFB11E62EA /* SQLitePlugin.h */ = {isa = PBXFileReference; explicitFileType = undefined; fileEncoding = 4; includeInIndex = 0; lastKnownFileType = sourcecode.c.h; name = SQLitePlugin.h; path = "cordova-sqlite-storage/SQLitePlugin.h"; sourceTree = "<group>"; };
		81D3A45606B744D7A56E01CB /* sqlite3.c */ = {isa = PBXFileReference; explicitFileType = undefined; fileEncoding = 9; includeInIndex = 0; lastKnownFileType = unknown; name = sqlite3.c; path = "cordova-sqlite-storage/sqlite3.c"; sourceTree = "<group>"; };
		87341BD48B8C4362BA6CC7D9 /* WebKit.framework */ = {isa = PBXFileReference; explicitFileType = undefined; fileEncoding = 9; includeInIndex = 0; lastKnownFileType = wrapper.framework; name = WebKit.framework; path = System/Library/Frameworks/WebKit.framework; sourceTree = SDKROOT; };
		8D1107310486CEB800E47090 /* Panda-Info.plist */ = {isa = PBXFileReference; fileEncoding = 4; lastKnownFileType = text.plist.xml; name = "Panda-Info.plist"; path = "Panda/Panda-Info.plist"; plistStructureDefinitionIdentifier = "com.apple.xcode.plist.structure-definition.iphone.info-plist"; sourceTree = SOURCE_ROOT; };
		8E558D8C05CD4AA2B3AAD91D /* GCDWebServerMultiPartFormRequest.m */ = {isa = PBXFileReference; explicitFileType = undefined; fileEncoding = 4; includeInIndex = 0; lastKnownFileType = sourcecode.c.objc; name = GCDWebServerMultiPartFormRequest.m; path = "cordova-plugin-ionic-webview/GCDWebServerMultiPartFormRequest.m"; sourceTree = "<group>"; };
		93FC1B8E7A8645969FDC1BFF /* CDVSplashScreen.h */ = {isa = PBXFileReference; explicitFileType = undefined; fileEncoding = 4; includeInIndex = 0; lastKnownFileType = sourcecode.c.h; name = CDVSplashScreen.h; path = "cordova-plugin-splashscreen/CDVSplashScreen.h"; sourceTree = "<group>"; };
		9412452A509E408BB07564AB /* CDVClipboard.h */ = {isa = PBXFileReference; explicitFileType = undefined; fileEncoding = 4; includeInIndex = 0; lastKnownFileType = sourcecode.c.h; name = CDVClipboard.h; path = "cordova-clipboard/CDVClipboard.h"; sourceTree = "<group>"; };
		9994DA45F18046F7BA55C718 /* GCDWebServerRequest.m */ = {isa = PBXFileReference; explicitFileType = undefined; fileEncoding = 4; includeInIndex = 0; lastKnownFileType = sourcecode.c.objc; name = GCDWebServerRequest.m; path = "cordova-plugin-ionic-webview/GCDWebServerRequest.m"; sourceTree = "<group>"; };
		9C9121CD2B8B4ADCAC23C2D5 /* GCDWebServerResponse.h */ = {isa = PBXFileReference; explicitFileType = undefined; fileEncoding = 4; includeInIndex = 0; lastKnownFileType = sourcecode.c.h; name = GCDWebServerResponse.h; path = "cordova-plugin-ionic-webview/GCDWebServerResponse.h"; sourceTree = "<group>"; };
		A02AA6EBE8C24128B684113B /* CDVIonicKeyboard.h */ = {isa = PBXFileReference; explicitFileType = undefined; fileEncoding = 4; includeInIndex = 0; lastKnownFileType = sourcecode.c.h; name = CDVIonicKeyboard.h; path = "cordova-plugin-ionic-keyboard/CDVIonicKeyboard.h"; sourceTree = "<group>"; };
		A6E936FDF361406F9EF46ECF /* CDVDevice.m */ = {isa = PBXFileReference; explicitFileType = undefined; fileEncoding = 4; includeInIndex = 0; lastKnownFileType = sourcecode.c.objc; name = CDVDevice.m; path = "cordova-plugin-device/CDVDevice.m"; sourceTree = "<group>"; };
		A7D0AD9A3CCD45CEB739CE25 /* GCDWebServerConnection.h */ = {isa = PBXFileReference; explicitFileType = undefined; fileEncoding = 4; includeInIndex = 0; lastKnownFileType = sourcecode.c.h; name = GCDWebServerConnection.h; path = "cordova-plugin-ionic-webview/GCDWebServerConnection.h"; sourceTree = "<group>"; };
		ADBE9A8A035F484CA50CAF9B /* GCDWebServerFunctions.m */ = {isa = PBXFileReference; explicitFileType = undefined; fileEncoding = 4; includeInIndex = 0; lastKnownFileType = sourcecode.c.objc; name = GCDWebServerFunctions.m; path = "cordova-plugin-ionic-webview/GCDWebServerFunctions.m"; sourceTree = "<group>"; };
		B5FDF216E72C4843A5EB6B1F /* GCDWebServerErrorResponse.h */ = {isa = PBXFileReference; explicitFileType = undefined; fileEncoding = 4; includeInIndex = 0; lastKnownFileType = sourcecode.c.h; name = GCDWebServerErrorResponse.h; path = "cordova-plugin-ionic-webview/GCDWebServerErrorResponse.h"; sourceTree = "<group>"; };
		B69D4D02C1004EFCA8DBF551 /* GCDWebServerPrivate.h */ = {isa = PBXFileReference; explicitFileType = undefined; fileEncoding = 4; includeInIndex = 0; lastKnownFileType = sourcecode.c.h; name = GCDWebServerPrivate.h; path = "cordova-plugin-ionic-webview/GCDWebServerPrivate.h"; sourceTree = "<group>"; };
		BAC3A7D4A454450BA3E03717 /* CDVWKWebViewEngine.h */ = {isa = PBXFileReference; explicitFileType = undefined; fileEncoding = 4; includeInIndex = 0; lastKnownFileType = sourcecode.c.h; name = CDVWKWebViewEngine.h; path = "cordova-plugin-ionic-webview/CDVWKWebViewEngine.h"; sourceTree = "<group>"; };
		BDBEF650BD414D06A03606F9 /* CDVWKWebViewEngine.m */ = {isa = PBXFileReference; explicitFileType = undefined; fileEncoding = 4; includeInIndex = 0; lastKnownFileType = sourcecode.c.objc; name = CDVWKWebViewEngine.m; path = "cordova-plugin-ionic-webview/CDVWKWebViewEngine.m"; sourceTree = "<group>"; };
		BE560455CC4F4608B11821E6 /* CDVSplashScreen.m */ = {isa = PBXFileReference; explicitFileType = undefined; fileEncoding = 4; includeInIndex = 0; lastKnownFileType = sourcecode.c.objc; name = CDVSplashScreen.m; path = "cordova-plugin-splashscreen/CDVSplashScreen.m"; sourceTree = "<group>"; };
		BF22DBF3A5A24C17B272F3BF /* SQLitePlugin.m */ = {isa = PBXFileReference; explicitFileType = undefined; fileEncoding = 4; includeInIndex = 0; lastKnownFileType = sourcecode.c.objc; name = SQLitePlugin.m; path = "cordova-sqlite-storage/SQLitePlugin.m"; sourceTree = "<group>"; };
		C0C32DE2CEF844A09B711B55 /* GCDWebServerFileResponse.m */ = {isa = PBXFileReference; explicitFileType = undefined; fileEncoding = 4; includeInIndex = 0; lastKnownFileType = sourcecode.c.objc; name = GCDWebServerFileResponse.m; path = "cordova-plugin-ionic-webview/GCDWebServerFileResponse.m"; sourceTree = "<group>"; };
		D193461482E24787A25663C2 /* libz.tbd */ = {isa = PBXFileReference; explicitFileType = undefined; fileEncoding = 9; includeInIndex = 0; lastKnownFileType = "sourcecode.text-based-dylib-definition"; name = libz.tbd; path = usr/lib/libz.tbd; sourceTree = SDKROOT; };
		DD4FA36C462141838D6EF558 /* GCDWebServerDataResponse.h */ = {isa = PBXFileReference; explicitFileType = undefined; fileEncoding = 4; includeInIndex = 0; lastKnownFileType = sourcecode.c.h; name = GCDWebServerDataResponse.h; path = "cordova-plugin-ionic-webview/GCDWebServerDataResponse.h"; sourceTree = "<group>"; };
		DDB6BC32C6444EFE84979B0F /* GCDWebServerRequest.h */ = {isa = PBXFileReference; explicitFileType = undefined; fileEncoding = 4; includeInIndex = 0; lastKnownFileType = sourcecode.c.h; name = GCDWebServerRequest.h; path = "cordova-plugin-ionic-webview/GCDWebServerRequest.h"; sourceTree = "<group>"; };
		E3FF536DF2084AC0BEBA9876 /* PSPDFThreadSafeMutableDictionary.h */ = {isa = PBXFileReference; explicitFileType = undefined; fileEncoding = 4; includeInIndex = 0; lastKnownFileType = sourcecode.c.h; name = PSPDFThreadSafeMutableDictionary.h; path = "cordova-sqlite-storage/PSPDFThreadSafeMutableDictionary.h"; sourceTree = "<group>"; };
		EA4B0E785D61425DAD48F7AF /* PSPDFThreadSafeMutableDictionary.m */ = {isa = PBXFileReference; explicitFileType = undefined; fileEncoding = 4; includeInIndex = 0; lastKnownFileType = sourcecode.c.objc; name = PSPDFThreadSafeMutableDictionary.m; path = "cordova-sqlite-storage/PSPDFThreadSafeMutableDictionary.m"; sourceTree = "<group>"; };
		EB87FDF31871DA8E0020F90C /* www */ = {isa = PBXFileReference; lastKnownFileType = folder; name = www; path = ../../www; sourceTree = "<group>"; };
		EB87FDF41871DAF40020F90C /* config.xml */ = {isa = PBXFileReference; lastKnownFileType = text.xml; name = config.xml; path = ../../config.xml; sourceTree = "<group>"; };
		ED33DF2A687741AEAF9F8254 /* Bridging-Header.h */ = {isa = PBXFileReference; fileEncoding = 4; lastKnownFileType = sourcecode.c.h; path = "Bridging-Header.h"; sourceTree = "<group>"; };
		F0B12AD218ED42EABD396982 /* GCDWebServerDataRequest.h */ = {isa = PBXFileReference; explicitFileType = undefined; fileEncoding = 4; includeInIndex = 0; lastKnownFileType = sourcecode.c.h; name = GCDWebServerDataRequest.h; path = "cordova-plugin-ionic-webview/GCDWebServerDataRequest.h"; sourceTree = "<group>"; };
		F350F1DA9F6D4C79B0AC5E06 /* CDVDevice.h */ = {isa = PBXFileReference; explicitFileType = undefined; fileEncoding = 4; includeInIndex = 0; lastKnownFileType = sourcecode.c.h; name = CDVDevice.h; path = "cordova-plugin-device/CDVDevice.h"; sourceTree = "<group>"; };
		F840E1F0165FE0F500CFE078 /* config.xml */ = {isa = PBXFileReference; lastKnownFileType = text.xml; name = config.xml; path = Panda/config.xml; sourceTree = "<group>"; };
		FD3AEA3619F741469C2FAC41 /* GCDWebServerMultiPartFormRequest.h */ = {isa = PBXFileReference; explicitFileType = undefined; fileEncoding = 4; includeInIndex = 0; lastKnownFileType = sourcecode.c.h; name = GCDWebServerMultiPartFormRequest.h; path = "cordova-plugin-ionic-webview/GCDWebServerMultiPartFormRequest.h"; sourceTree = "<group>"; };
		B4A6EA62E0984EBD99E34396 /* NSString+SSURLEncoding.m */ = {isa = PBXFileReference; name = "NSString+SSURLEncoding.m"; path = "cordova-plugin-x-socialsharing/NSString+SSURLEncoding.m"; sourceTree = "<group>"; fileEncoding = 4; lastKnownFileType = sourcecode.c.objc; explicitFileType = undefined; includeInIndex = 0; };
		A1D5975849B84D3B8D072CCB /* SocialSharing.m */ = {isa = PBXFileReference; name = "SocialSharing.m"; path = "cordova-plugin-x-socialsharing/SocialSharing.m"; sourceTree = "<group>"; fileEncoding = 4; lastKnownFileType = sourcecode.c.objc; explicitFileType = undefined; includeInIndex = 0; };
		92B417E732CD4B4EA51977D8 /* NSString+SSURLEncoding.h */ = {isa = PBXFileReference; name = "NSString+SSURLEncoding.h"; path = "cordova-plugin-x-socialsharing/NSString+SSURLEncoding.h"; sourceTree = "<group>"; fileEncoding = 4; lastKnownFileType = sourcecode.c.h; explicitFileType = undefined; includeInIndex = 0; };
		082BBCE5FE534D038AC88B1A /* SocialSharing.h */ = {isa = PBXFileReference; name = "SocialSharing.h"; path = "cordova-plugin-x-socialsharing/SocialSharing.h"; sourceTree = "<group>"; fileEncoding = 4; lastKnownFileType = sourcecode.c.h; explicitFileType = undefined; includeInIndex = 0; };
		103705C968604AEC85B84684 /* Social.framework */ = {isa = PBXFileReference; name = "Social.framework"; path = "System/Library/Frameworks/Social.framework"; sourceTree = SDKROOT; fileEncoding = undefined; lastKnownFileType = wrapper.framework; explicitFileType = undefined; includeInIndex = 0; };
		3BE865A0111649E49169E28F /* MessageUI.framework */ = {isa = PBXFileReference; name = "MessageUI.framework"; path = "System/Library/Frameworks/MessageUI.framework"; sourceTree = SDKROOT; fileEncoding = undefined; lastKnownFileType = wrapper.framework; explicitFileType = undefined; includeInIndex = 0; };
/* End PBXFileReference section */

/* Begin PBXFrameworksBuildPhase section */
		1D60588F0D05DD3D006BFB54 /* Frameworks */ = {
			isa = PBXFrameworksBuildPhase;
			buildActionMask = 2147483647;
			files = (
				301BF552109A68D80062928A /* libCordova.a in Frameworks */,
				D0C63900D7544ACFA7AE5661 /* WebKit.framework in Frameworks */,
				5BA550C60DBF4A3E9DF1D0B2 /* libz.tbd in Frameworks */,
				3D7DD46425534DCDA8C26EB6 /* Social.framework in Frameworks */,
				9B7DD27ABF5140FC8C71D73F /* MessageUI.framework in Frameworks */,
			);
			runOnlyForDeploymentPostprocessing = 0;
		};
/* End PBXFrameworksBuildPhase section */

/* Begin PBXGroup section */
		080E96DDFE201D6D7F000001 /* Classes */ = {
			isa = PBXGroup;
			children = (
				302D95EE14D2391D003F00A1 /* MainViewController.h */,
				302D95EF14D2391D003F00A1 /* MainViewController.m */,
				302D95F014D2391D003F00A1 /* MainViewController.xib */,
				1D3623240D0F684500981E51 /* AppDelegate.h */,
				1D3623250D0F684500981E51 /* AppDelegate.m */,
			);
			name = Classes;
			path = Panda/Classes;
			sourceTree = SOURCE_ROOT;
		};
		19C28FACFE9D520D11CA2CBB /* Products */ = {
			isa = PBXGroup;
			children = (
				1D6058910D05DD3D006BFB54 /* Panda.app */,
			);
			name = Products;
			sourceTree = "<group>";
		};
		29B97314FDCFA39411CA2CEA /* CustomTemplate */ = {
			isa = PBXGroup;
			children = (
				EB87FDF41871DAF40020F90C /* config.xml */,
				EB87FDF31871DA8E0020F90C /* www */,
				EB87FDF11871DA420020F90C /* Staging */,
				301BF52D109A57CC0062928A /* CordovaLib/CordovaLib.xcodeproj */,
				080E96DDFE201D6D7F000001 /* Classes */,
				307C750510C5A3420062BCA9 /* Plugins */,
				29B97315FDCFA39411CA2CEA /* Other Sources */,
				29B97317FDCFA39411CA2CEA /* Resources */,
				29B97323FDCFA39411CA2CEA /* Frameworks */,
				19C28FACFE9D520D11CA2CBB /* Products */,
			);
			name = CustomTemplate;
			sourceTree = "<group>";
		};
		29B97315FDCFA39411CA2CEA /* Other Sources */ = {
			isa = PBXGroup;
			children = (
				32CA4F630368D1EE00C91783 /* Panda-Prefix.pch */,
				29B97316FDCFA39411CA2CEA /* main.m */,
				ED33DF2A687741AEAF9F8254 /* Bridging-Header.h */,
			);
			name = "Other Sources";
			path = Panda;
			sourceTree = "<group>";
		};
		29B97317FDCFA39411CA2CEA /* Resources */ = {
			isa = PBXGroup;
			children = (
				0207DA571B56EA530066E2B4 /* Images.xcassets */,
				3047A50E1AB8057F00498E2A /* config */,
				8D1107310486CEB800E47090 /* Panda-Info.plist */,
				6AFF5BF81D6E424B00AB3073 /* CDVLaunchScreen.storyboard */,
			);
			name = Resources;
			path = Panda/Resources;
			sourceTree = "<group>";
		};
		29B97323FDCFA39411CA2CEA /* Frameworks */ = {
			isa = PBXGroup;
			children = (
				87341BD48B8C4362BA6CC7D9 /* WebKit.framework */,
				D193461482E24787A25663C2 /* libz.tbd */,
				103705C968604AEC85B84684 /* Social.framework */,
				3BE865A0111649E49169E28F /* MessageUI.framework */,
			);
			name = Frameworks;
			sourceTree = "<group>";
		};
		301BF52E109A57CC0062928A /* Products */ = {
			isa = PBXGroup;
			children = (
				301BF535109A57CC0062928A /* libCordova.a */,
				122D67EE20DCF53F00C99AF3 /* Cordova.framework */,
			);
			name = Products;
			sourceTree = "<group>";
		};
		3047A50E1AB8057F00498E2A /* config */ = {
			isa = PBXGroup;
			children = (
				3047A50F1AB8059700498E2A /* build-debug.xcconfig */,
				3047A5101AB8059700498E2A /* build-release.xcconfig */,
				3047A5111AB8059700498E2A /* build.xcconfig */,
			);
			name = config;
			sourceTree = "<group>";
		};
		307C750510C5A3420062BCA9 /* Plugins */ = {
			isa = PBXGroup;
			children = (
				5B616BEC90724E0A98613F3D /* CDVClipboard.m */,
				9412452A509E408BB07564AB /* CDVClipboard.h */,
				A6E936FDF361406F9EF46ECF /* CDVDevice.m */,
				F350F1DA9F6D4C79B0AC5E06 /* CDVDevice.h */,
				1E4CAB00785C4D53B38049AD /* CDVIonicKeyboard.m */,
				A02AA6EBE8C24128B684113B /* CDVIonicKeyboard.h */,
				BDBEF650BD414D06A03606F9 /* CDVWKWebViewEngine.m */,
				5BFAA8B8709C40299C1D7747 /* CDVWKWebViewUIDelegate.m */,
				6295134501D1465C8BD9ABD2 /* CDVWKProcessPoolFactory.m */,
				3D21AA800CD543A6BF36C99A /* GCDWebServer.m */,
				1829625C529C4CB7B5A684F6 /* GCDWebServerConnection.m */,
				ADBE9A8A035F484CA50CAF9B /* GCDWebServerFunctions.m */,
				9994DA45F18046F7BA55C718 /* GCDWebServerRequest.m */,
				58D429E9995242B38A92D5FE /* GCDWebServerResponse.m */,
				76F8EAAA68DA48B1949D9464 /* GCDWebServerDataRequest.m */,
				290C64121446471888D412B5 /* GCDWebServerFileRequest.m */,
				8E558D8C05CD4AA2B3AAD91D /* GCDWebServerMultiPartFormRequest.m */,
				6BDAC445EB1C459991B0C219 /* GCDWebServerURLEncodedFormRequest.m */,
				275E00CCE9F94BD4A0270BD8 /* GCDWebServerDataResponse.m */,
				517341C35F3F4AF4B774D035 /* GCDWebServerErrorResponse.m */,
				C0C32DE2CEF844A09B711B55 /* GCDWebServerFileResponse.m */,
				3E2F4B35E6114906B248A739 /* GCDWebServerStreamedResponse.m */,
				BAC3A7D4A454450BA3E03717 /* CDVWKWebViewEngine.h */,
				252B99641154497FB3C3E8E4 /* CDVWKWebViewUIDelegate.h */,
				3C646169DC5441378545BF76 /* CDVWKProcessPoolFactory.h */,
				6C83C8A1FE7B4FC8935605D4 /* GCDWebServer.h */,
				A7D0AD9A3CCD45CEB739CE25 /* GCDWebServerConnection.h */,
				3485A94F883741AFABFD2ED7 /* GCDWebServerFunctions.h */,
				1CC688F0D8724D29BC3000E5 /* GCDWebServerHTTPStatusCodes.h */,
				B69D4D02C1004EFCA8DBF551 /* GCDWebServerPrivate.h */,
				DDB6BC32C6444EFE84979B0F /* GCDWebServerRequest.h */,
				9C9121CD2B8B4ADCAC23C2D5 /* GCDWebServerResponse.h */,
				F0B12AD218ED42EABD396982 /* GCDWebServerDataRequest.h */,
				1ED8FDA3A2FF451E8442B77B /* GCDWebServerFileRequest.h */,
				FD3AEA3619F741469C2FAC41 /* GCDWebServerMultiPartFormRequest.h */,
				3A2F618D1264431F804BF7E4 /* GCDWebServerURLEncodedFormRequest.h */,
				DD4FA36C462141838D6EF558 /* GCDWebServerDataResponse.h */,
				B5FDF216E72C4843A5EB6B1F /* GCDWebServerErrorResponse.h */,
				3EB7139CC8164B99AF5DDD77 /* GCDWebServerFileResponse.h */,
				595BE3F2B9B24E5E8F762D2C /* GCDWebServerStreamedResponse.h */,
				BE560455CC4F4608B11821E6 /* CDVSplashScreen.m */,
				50A3C7A79F9248D4A5745D27 /* CDVViewController+SplashScreen.m */,
				93FC1B8E7A8645969FDC1BFF /* CDVSplashScreen.h */,
				7C0E00E96A4B43B18BF9953D /* CDVViewController+SplashScreen.h */,
				BF22DBF3A5A24C17B272F3BF /* SQLitePlugin.m */,
				EA4B0E785D61425DAD48F7AF /* PSPDFThreadSafeMutableDictionary.m */,
				81D3A45606B744D7A56E01CB /* sqlite3.c */,
				7CC1369B095748EFB11E62EA /* SQLitePlugin.h */,
				E3FF536DF2084AC0BEBA9876 /* PSPDFThreadSafeMutableDictionary.h */,
				48B9934FB5D641DBBC3D4408 /* sqlite3.h */,
				B4A6EA62E0984EBD99E34396 /* NSString+SSURLEncoding.m */,
				A1D5975849B84D3B8D072CCB /* SocialSharing.m */,
				92B417E732CD4B4EA51977D8 /* NSString+SSURLEncoding.h */,
				082BBCE5FE534D038AC88B1A /* SocialSharing.h */,
			);
			name = Plugins;
			path = Panda/Plugins;
			sourceTree = SOURCE_ROOT;
		};
		EB87FDF11871DA420020F90C /* Staging */ = {
			isa = PBXGroup;
			children = (
				F840E1F0165FE0F500CFE078 /* config.xml */,
				301BF56E109A69640062928A /* www */,
			);
			name = Staging;
			sourceTree = "<group>";
		};
/* End PBXGroup section */

/* Begin PBXNativeTarget section */
		1D6058900D05DD3D006BFB54 /* Panda */ = {
			isa = PBXNativeTarget;
			buildConfigurationList = 1D6058960D05DD3E006BFB54 /* Build configuration list for PBXNativeTarget "Panda" */;
			buildPhases = (
				304B58A110DAC018002A0835 /* Copy www directory */,
				1D60588D0D05DD3D006BFB54 /* Resources */,
				1D60588E0D05DD3D006BFB54 /* Sources */,
				1D60588F0D05DD3D006BFB54 /* Frameworks */,
			);
			buildRules = (
			);
			dependencies = (
				301BF551109A68C00062928A /* PBXTargetDependency */,
			);
			name = Panda;
			productName = Panda;
			productReference = 1D6058910D05DD3D006BFB54 /* Panda.app */;
			productType = "com.apple.product-type.application";
		};
/* End PBXNativeTarget section */

/* Begin PBXProject section */
		29B97313FDCFA39411CA2CEA /* Project object */ = {
			isa = PBXProject;
			attributes = {
				LastUpgradeCheck = 510;
				TargetAttributes = {
					1D6058900D05DD3D006BFB54 = {
						DevelopmentTeam = 4SS5P3WAGU;
					};
				};
			};
			buildConfigurationList = C01FCF4E08A954540054247B /* Build configuration list for PBXProject "Panda" */;
			compatibilityVersion = "Xcode 3.2";
			developmentRegion = English;
			hasScannedForEncodings = 1;
			knownRegions = (
				en,
			);
			mainGroup = 29B97314FDCFA39411CA2CEA /* CustomTemplate */;
			projectDirPath = "";
			projectReferences = (
				{
					ProductGroup = 301BF52E109A57CC0062928A /* Products */;
					ProjectRef = 301BF52D109A57CC0062928A /* CordovaLib/CordovaLib.xcodeproj */;
				},
			);
			projectRoot = "";
			targets = (
				1D6058900D05DD3D006BFB54 /* Panda */,
			);
		};
/* End PBXProject section */

/* Begin PBXReferenceProxy section */
		122D67EE20DCF53F00C99AF3 /* Cordova.framework */ = {
			isa = PBXReferenceProxy;
			fileType = wrapper.framework;
			path = Cordova.framework;
			remoteRef = 122D67ED20DCF53F00C99AF3 /* PBXContainerItemProxy */;
			sourceTree = BUILT_PRODUCTS_DIR;
		};
		301BF535109A57CC0062928A /* libCordova.a */ = {
			isa = PBXReferenceProxy;
			fileType = archive.ar;
			path = libCordova.a;
			remoteRef = 301BF534109A57CC0062928A /* PBXContainerItemProxy */;
			sourceTree = BUILT_PRODUCTS_DIR;
		};
/* End PBXReferenceProxy section */

/* Begin PBXResourcesBuildPhase section */
		1D60588D0D05DD3D006BFB54 /* Resources */ = {
			isa = PBXResourcesBuildPhase;
			buildActionMask = 2147483647;
			files = (
				302D95F214D2391D003F00A1 /* MainViewController.xib in Resources */,
				0207DA581B56EA530066E2B4 /* Images.xcassets in Resources */,
				6AFF5BF91D6E424B00AB3073 /* CDVLaunchScreen.storyboard in Resources */,
			);
			runOnlyForDeploymentPostprocessing = 0;
		};
/* End PBXResourcesBuildPhase section */

/* Begin PBXShellScriptBuildPhase section */
		304B58A110DAC018002A0835 /* Copy www directory */ = {
			isa = PBXShellScriptBuildPhase;
			buildActionMask = 2147483647;
			files = (
			);
			inputPaths = (
			);
			name = "Copy www directory";
			outputPaths = (
			);
			runOnlyForDeploymentPostprocessing = 0;
			shellPath = /bin/sh;
			shellScript = "NODEJS_PATH=/usr/local/bin; NVM_NODE_PATH=~/.nvm/versions/node/`nvm version 2>/dev/null`/bin; N_NODE_PATH=`find /usr/local/n/versions/node/* -maxdepth 0 -type d 2>/dev/null | tail -1`/bin; XCODE_NODE_PATH=`xcode-select --print-path`/usr/share/xcs/Node/bin; PATH=$NODEJS_PATH:$NVM_NODE_PATH:$N_NODE_PATH:$XCODE_NODE_PATH:$PATH && node cordova/lib/copy-www-build-step.js";
			showEnvVarsInLog = 0;
		};
/* End PBXShellScriptBuildPhase section */

/* Begin PBXSourcesBuildPhase section */
		1D60588E0D05DD3D006BFB54 /* Sources */ = {
			isa = PBXSourcesBuildPhase;
			buildActionMask = 2147483647;
			files = (
				1D60589B0D05DD56006BFB54 /* main.m in Sources */,
				1D3623260D0F684500981E51 /* AppDelegate.m in Sources */,
				302D95F114D2391D003F00A1 /* MainViewController.m in Sources */,
				E6D954347F9F47EC95C4FC68 /* CDVClipboard.m in Sources */,
				5D669497C0F047328EC8EAA9 /* CDVDevice.m in Sources */,
				692EF7A1067F4597A8114981 /* CDVIonicKeyboard.m in Sources */,
				980E773A1C904F028FBF751D /* CDVWKWebViewEngine.m in Sources */,
				B42EC31E2A1C48A1A8545835 /* CDVWKWebViewUIDelegate.m in Sources */,
				AC9AFC177A30466CBBB94DDB /* CDVWKProcessPoolFactory.m in Sources */,
				DADCB851C0D040B5B87CB300 /* GCDWebServer.m in Sources */,
				01B7771AA2D04636B0803A38 /* GCDWebServerConnection.m in Sources */,
				A8636FA8CC564BD79BD96184 /* GCDWebServerFunctions.m in Sources */,
				468E850A64C94CFD9D343FCF /* GCDWebServerRequest.m in Sources */,
				F080D0156DA540F5ABD02FAB /* GCDWebServerResponse.m in Sources */,
				5FEBAB1A2E4344169DFE606C /* GCDWebServerDataRequest.m in Sources */,
				89D1B309C67C4FE6B106D1AD /* GCDWebServerFileRequest.m in Sources */,
				61227E46158642C19B07185C /* GCDWebServerMultiPartFormRequest.m in Sources */,
				A71E0770A55F48C498D0AC02 /* GCDWebServerURLEncodedFormRequest.m in Sources */,
				41C05DCBE40B406B887E0DC5 /* GCDWebServerDataResponse.m in Sources */,
				3A854CFE3DAE4ACA9882BA0B /* GCDWebServerErrorResponse.m in Sources */,
				0D5380F9962646CAA6CC7EA1 /* GCDWebServerFileResponse.m in Sources */,
				254F063E510B49A1A41AA428 /* GCDWebServerStreamedResponse.m in Sources */,
				D5B8A3E3CC8744A7B3F12D81 /* CDVSplashScreen.m in Sources */,
				D17DBE4E80BF4DC09E088FB2 /* CDVViewController+SplashScreen.m in Sources */,
				68D2E1F2B25B4895B0F12BC6 /* SQLitePlugin.m in Sources */,
				DB2EDF0FB8C4412EB64A9BAB /* PSPDFThreadSafeMutableDictionary.m in Sources */,
				63C100EA05E046DC98FF9C4C /* sqlite3.c in Sources */,
				F0D572F5AA4444C98D8D4675 /* NSString+SSURLEncoding.m in Sources */,
				867628E6FAF145089466E482 /* SocialSharing.m in Sources */,
			);
			runOnlyForDeploymentPostprocessing = 0;
		};
/* End PBXSourcesBuildPhase section */

/* Begin PBXTargetDependency section */
		301BF551109A68C00062928A /* PBXTargetDependency */ = {
			isa = PBXTargetDependency;
			name = CordovaLib;
			targetProxy = 301BF550109A68C00062928A /* PBXContainerItemProxy */;
		};
/* End PBXTargetDependency section */

/* Begin XCBuildConfiguration section */
		1D6058940D05DD3E006BFB54 /* Debug */ = {
			isa = XCBuildConfiguration;
			baseConfigurationReference = 3047A50F1AB8059700498E2A /* build-debug.xcconfig */;
			buildSettings = {
				ALWAYS_SEARCH_USER_PATHS = NO;
				ASSETCATALOG_COMPILER_APPICON_NAME = AppIcon;
				ASSETCATALOG_COMPILER_LAUNCHIMAGE_NAME = LaunchImage;
				CLANG_ENABLE_MODULES = YES;
				CLANG_ENABLE_OBJC_ARC = YES;
				COPY_PHASE_STRIP = NO;
				DEVELOPMENT_TEAM = 4SS5P3WAGU;
				GCC_DYNAMIC_NO_PIC = NO;
				GCC_OPTIMIZATION_LEVEL = 0;
				GCC_PRECOMPILE_PREFIX_HEADER = YES;
				GCC_PREFIX_HEADER = "Panda/Panda-Prefix.pch";
				GCC_THUMB_SUPPORT = NO;
				GCC_VERSION = "";
				INFOPLIST_FILE = "Panda/Panda-Info.plist";
				IPHONEOS_DEPLOYMENT_TARGET = 9.0;
				LD_RUNPATH_SEARCH_PATHS = "@executable_path/Frameworks";
				PRODUCT_NAME = Panda;
				TARGETED_DEVICE_FAMILY = "1,2";
			};
			name = Debug;
		};
		1D6058950D05DD3E006BFB54 /* Release */ = {
			isa = XCBuildConfiguration;
			baseConfigurationReference = 3047A5101AB8059700498E2A /* build-release.xcconfig */;
			buildSettings = {
				ALWAYS_SEARCH_USER_PATHS = NO;
				ASSETCATALOG_COMPILER_APPICON_NAME = AppIcon;
				ASSETCATALOG_COMPILER_LAUNCHIMAGE_NAME = LaunchImage;
				CLANG_ENABLE_MODULES = YES;
				CLANG_ENABLE_OBJC_ARC = YES;
				COPY_PHASE_STRIP = YES;
				DEVELOPMENT_TEAM = 4SS5P3WAGU;
				GCC_PRECOMPILE_PREFIX_HEADER = YES;
				GCC_PREFIX_HEADER = "Panda/Panda-Prefix.pch";
				GCC_THUMB_SUPPORT = NO;
				GCC_VERSION = "";
				INFOPLIST_FILE = "Panda/Panda-Info.plist";
				IPHONEOS_DEPLOYMENT_TARGET = 9.0;
				LD_RUNPATH_SEARCH_PATHS = "@executable_path/Frameworks";
				PRODUCT_NAME = Panda;
				TARGETED_DEVICE_FAMILY = "1,2";
			};
			name = Release;
		};
		C01FCF4F08A954540054247B /* Debug */ = {
			isa = XCBuildConfiguration;
			baseConfigurationReference = 3047A5111AB8059700498E2A /* build.xcconfig */;
			buildSettings = {
				CLANG_ENABLE_MODULES = YES;
				CLANG_ENABLE_OBJC_ARC = YES;
				CLANG_WARN_BOOL_CONVERSION = YES;
				CLANG_WARN_CONSTANT_CONVERSION = YES;
				CLANG_WARN_EMPTY_BODY = YES;
				CLANG_WARN_ENUM_CONVERSION = YES;
				CLANG_WARN_INT_CONVERSION = YES;
				CLANG_WARN__DUPLICATE_METHOD_MATCH = YES;
				GCC_C_LANGUAGE_STANDARD = c99;
				GCC_THUMB_SUPPORT = NO;
				GCC_VERSION = "";
				GCC_WARN_ABOUT_RETURN_TYPE = YES;
				GCC_WARN_UNDECLARED_SELECTOR = YES;
				GCC_WARN_UNINITIALIZED_AUTOS = YES;
				GCC_WARN_UNUSED_FUNCTION = YES;
				GCC_WARN_UNUSED_VARIABLE = YES;
				ONLY_ACTIVE_ARCH = YES;
				SDKROOT = iphoneos;
				SKIP_INSTALL = NO;
			};
			name = Debug;
		};
		C01FCF5008A954540054247B /* Release */ = {
			isa = XCBuildConfiguration;
			baseConfigurationReference = 3047A5111AB8059700498E2A /* build.xcconfig */;
			buildSettings = {
				CLANG_ENABLE_MODULES = YES;
				CLANG_ENABLE_OBJC_ARC = YES;
				CLANG_WARN_BOOL_CONVERSION = YES;
				CLANG_WARN_CONSTANT_CONVERSION = YES;
				CLANG_WARN_EMPTY_BODY = YES;
				CLANG_WARN_ENUM_CONVERSION = YES;
				CLANG_WARN_INT_CONVERSION = YES;
				CLANG_WARN__DUPLICATE_METHOD_MATCH = YES;
				GCC_C_LANGUAGE_STANDARD = c99;
				GCC_THUMB_SUPPORT = NO;
				GCC_VERSION = "";
				GCC_WARN_ABOUT_RETURN_TYPE = YES;
				GCC_WARN_UNDECLARED_SELECTOR = YES;
				GCC_WARN_UNINITIALIZED_AUTOS = YES;
				GCC_WARN_UNUSED_FUNCTION = YES;
				GCC_WARN_UNUSED_VARIABLE = YES;
				SDKROOT = iphoneos;
				SKIP_INSTALL = NO;
			};
			name = Release;
		};
/* End XCBuildConfiguration section */

/* Begin XCConfigurationList section */
		1D6058960D05DD3E006BFB54 /* Build configuration list for PBXNativeTarget "Panda" */ = {
			isa = XCConfigurationList;
			buildConfigurations = (
				1D6058940D05DD3E006BFB54 /* Debug */,
				1D6058950D05DD3E006BFB54 /* Release */,
			);
			defaultConfigurationIsVisible = 0;
			defaultConfigurationName = Release;
		};
		C01FCF4E08A954540054247B /* Build configuration list for PBXProject "Panda" */ = {
			isa = XCConfigurationList;
			buildConfigurations = (
				C01FCF4F08A954540054247B /* Debug */,
				C01FCF5008A954540054247B /* Release */,
			);
			defaultConfigurationIsVisible = 0;
			defaultConfigurationName = Release;
		};
/* End XCConfigurationList section */
	};
	rootObject = 29B97313FDCFA39411CA2CEA /* Project object */;
}
